
Microsoft Visual Studio Solution File, Format Version 12.00
# Visual Studio Version 17
VisualStudioVersion = 17.2.32616.157
MinimumVisualStudioVersion = 10.0.40219.1
Project("{FAE04EC0-301F-11D3-BF4B-00C04F79EFBC}") = "WeatherApp", "WeatherApp\WeatherApp.csproj", "{36356B19-49C3-4621-92DC-88D6EDF1D6A3}"
EndProject
Global
	GlobalSection(SolutionConfigurationPlatforms) = preSolution
		Debug|Any CPU = Debug|Any CPU
		Release|Any CPU = Release|Any CPU
	EndGlobalSection
	GlobalSection(ProjectConfigurationPlatforms) = postSolution
		{36356B19-49C3-4621-92DC-88D6EDF1D6A3}.Debug|Any CPU.ActiveCfg = Debug|Any CPU
		{36356B19-49C3-4621-92DC-88D6EDF1D6A3}.Debug|Any CPU.Build.0 = Debug|Any CPU
		{36356B19-49C3-4621-92DC-88D6EDF1D6A3}.Release|Any CPU.ActiveCfg = Release|Any CPU
		{36356B19-49C3-4621-92DC-88D6EDF1D6A3}.Release|Any CPU.Build.0 = Release|Any CPU
	EndGlobalSection
	GlobalSection(SolutionProperties) = preSolution
		HideSolutionNode = FALSE
	EndGlobalSection
	GlobalSection(ExtensibilityGlobals) = postSolution
		SolutionGuid = {168F26AC-2ABD-471E-8955-1929FBE76B88}
	EndGlobalSection
EndGlobal
